// !$*UTF8*$!
{
	archiveVersion = 1;
	classes = {
	};
	objectVersion = 46;
	objects = {

/* Begin PBXBuildFile section */
		F20F827B1BD552CC00AD91B7 /* AppDelegate.swift in Sources */ = {isa = PBXBuildFile; fileRef = F20F827A1BD552CC00AD91B7 /* AppDelegate.swift */; };
		F20F827D1BD552CC00AD91B7 /* ViewController.swift in Sources */ = {isa = PBXBuildFile; fileRef = F20F827C1BD552CC00AD91B7 /* ViewController.swift */; };
		F20F82801BD552CC00AD91B7 /* Main.storyboard in Resources */ = {isa = PBXBuildFile; fileRef = F20F827E1BD552CC00AD91B7 /* Main.storyboard */; };
		F20F82821BD552CC00AD91B7 /* Assets.xcassets in Resources */ = {isa = PBXBuildFile; fileRef = F20F82811BD552CC00AD91B7 /* Assets.xcassets */; };
		F20F82851BD552CC00AD91B7 /* LaunchScreen.storyboard in Resources */ = {isa = PBXBuildFile; fileRef = F20F82831BD552CC00AD91B7 /* LaunchScreen.storyboard */; };
/* End PBXBuildFile section */

/* Begin PBXFileReference section */
		F20F82771BD552CC00AD91B7 /* CalculatorUIStackView.app */ = {isa = PBXFileReference; explicitFileType = wrapper.application; includeInIndex = 0; path = CalculatorUIStackView.app; sourceTree = BUILT_PRODUCTS_DIR; };
		F20F827A1BD552CC00AD91B7 /* AppDelegate.swift */ = {isa = PBXFileReference; lastKnownFileType = sourcecode.swift; path = AppDelegate.swift; sourceTree = "<group>"; };
		F20F827C1BD552CC00AD91B7 /* ViewController.swift */ = {isa = PBXFileReference; lastKnownFileType = sourcecode.swift; path = ViewController.swift; sourceTree = "<group>"; };
		F20F827F1BD552CC00AD91B7 /* Base */ = {isa = PBXFileReference; lastKnownFileType = file.storyboard; name = Base; path = Base.lproj/Main.storyboard; sourceTree = "<group>"; };
		F20F82811BD552CC00AD91B7 /* Assets.xcassets */ = {isa = PBXFileReference; lastKnownFileType = folder.assetcatalog; path = Assets.xcassets; sourceTree = "<group>"; };
		F20F82841BD552CC00AD91B7 /* Base */ = {isa = PBXFileReference; lastKnownFileType = file.storyboard; name = Base; path = Base.lproj/LaunchScreen.storyboard; sourceTree = "<group>"; };
		F20F82861BD552CC00AD91B7 /* Info.plist */ = {isa = PBXFileReference; lastKnownFileType = text.plist.xml; path = Info.plist; sourceTree = "<group>"; };
/* End PBXFileReference section */

/* Begin PBXFrameworksBuildPhase section */
		F20F82741BD552CC00AD91B7 /* Frameworks */ = {
			isa = PBXFrameworksBuildPhase;
			buildActionMask = 2147483647;
			files = (
			);
			runOnlyForDeploymentPostprocessing = 0;
		};
/* End PBXFrameworksBuildPhase section */

/* Begin PBXGroup section */
		F20F826E1BD552CC00AD91B7 = {
			isa = PBXGroup;
			children = (
				F20F82791BD552CC00AD91B7 /* CalculatorUIStackView */,
				F20F82781BD552CC00AD91B7 /* Products */,
			);
			sourceTree = "<group>";
		};
		F20F82781BD552CC00AD91B7 /* Products */ = {
			isa = PBXGroup;
			children = (
				F20F82771BD552CC00AD91B7 /* CalculatorUIStackView.app */,
			);
			name = Products;
			sourceTree = "<group>";
		};
		F20F82791BD552CC00AD91B7 /* CalculatorUIStackView */ = {
			isa = PBXGroup;
			children = (
				F20F827A1BD552CC00AD91B7 /* AppDelegate.swift */,
				F20F827C1BD552CC00AD91B7 /* ViewController.swift */,
				F20F827E1BD552CC00AD91B7 /* Main.storyboard */,
				F20F82811BD552CC00AD91B7 /* Assets.xcassets */,
				F20F82831BD552CC00AD91B7 /* LaunchScreen.storyboard */,
				F20F82861BD552CC00AD91B7 /* Info.plist */,
			);
			path = CalculatorUIStackView;
			sourceTree = "<group>";
		};
/* End PBXGroup section */

/* Begin PBXNativeTarget section */
		F20F82761BD552CC00AD91B7 /* CalculatorUIStackView */ = {
			isa = PBXNativeTarget;
			buildConfigurationList = F20F82891BD552CC00AD91B7 /* Build configuration list for PBXNativeTarget "CalculatorUIStackView" */;
			buildPhases = (
				F20F82731BD552CC00AD91B7 /* Sources */,
				F20F82741BD552CC00AD91B7 /* Frameworks */,
				F20F82751BD552CC00AD91B7 /* Resources */,
			);
			buildRules = (
			);
			dependencies = (
			);
			name = CalculatorUIStackView;
			productName = CalculatorUIStackView;
			productReference = F20F82771BD552CC00AD91B7 /* CalculatorUIStackView.app */;
			productType = "com.apple.product-type.application";
		};
/* End PBXNativeTarget section */

/* Begin PBXProject section */
		F20F826F1BD552CC00AD91B7 /* Project object */ = {
			isa = PBXProject;
			attributes = {
				LastUpgradeCheck = 0700;
				ORGANIZATIONNAME = "Dominik Hauser";
				TargetAttributes = {
					F20F82761BD552CC00AD91B7 = {
						CreatedOnToolsVersion = 7.0.1;
					};
				};
			};
			buildConfigurationList = F20F82721BD552CC00AD91B7 /* Build configuration list for PBXProject "CalculatorUIStackView" */;
			compatibilityVersion = "Xcode 3.2";
			developmentRegion = English;
			hasScannedForEncodings = 0;
			knownRegions = (
				en,
				Base,
			);
			mainGroup = F20F826E1BD552CC00AD91B7;
			productRefGroup = F20F82781BD552CC00AD91B7 /* Products */;
			projectDirPath = "";
			projectRoot = "";
			targets = (
				F20F82761BD552CC00AD91B7 /* CalculatorUIStackView */,
			);
		};
/* End PBXProject section */

/* Begin PBXResourcesBuildPhase section */
		F20F82751BD552CC00AD91B7 /* Resources */ = {
			isa = PBXResourcesBuildPhase;
			buildActionMask = 2147483647;
			files = (
				F20F82851BD552CC00AD91B7 /* LaunchScreen.storyboard in Resources */,
				F20F82821BD552CC00AD91B7 /* Assets.xcassets in Resources */,
				F20F82801BD552CC00AD91B7 /* Main.storyboard in Resources */,
			);
			runOnlyForDeploymentPostprocessing = 0;
		};
/* End PBXResourcesBuildPhase section */

/* Begin PBXSourcesBuildPhase section */
		F20F82731BD552CC00AD91B7 /* Sources */ = {
			isa = PBXSourcesBuildPhase;
			buildActionMask = 2147483647;
			files = (
				F20F827D1BD552CC00AD91B7 /* ViewController.swift in Sources */,
				F20F827B1BD552CC00AD91B7 /* AppDelegate.swift in Sources */,
			);
			runOnlyForDeploymentPostprocessing = 0;
		};
/* End PBXSourcesBuildPhase section */

/* Begin PBXVariantGroup section */
		F20F827E1BD552CC00AD91B7 /* Main.storyboard */ = {
			isa = PBXVariantGroup;
			children = (
				F20F827F1BD552CC00AD91B7 /* Base */,
			);
			name = Main.storyboard;
			sourceTree = "<group>";
		};
		F20F82831BD552CC00AD91B7 /* LaunchScreen.storyboard */ = {
			isa = PBXVariantGroup;
			children = (
				F20F82841BD552CC00AD91B7 /* Base */,
			);
			name = LaunchScreen.storyboard;
			sourceTree = "<group>";
		};
/* End PBXVariantGroup section */

/* Begin XCBuildConfiguration section */
		F20F82871BD552CC00AD91B7 /* Debug */ = {
			isa = XCBuildConfiguration;
			buildSettings = {
				ALWAYS_SEARCH_USER_PATHS = NO;
				CLANG_CXX_LANGUAGE_STANDARD = "gnu++0x";
				CLANG_CXX_LIBRARY = "libc++";
				CLANG_ENABLE_MODULES = YES;
				CLANG_ENABLE_OBJC_ARC = YES;
				CLANG_WARN_BOOL_CONVERSION = YES;
				CLANG_WARN_CONSTANT_CONVERSION = YES;
				CLANG_WARN_DIRECT_OBJC_ISA_USAGE = YES_ERROR;
				CLANG_WARN_EMPTY_BODY = YES;
				CLANG_WARN_ENUM_CONVERSION = YES;
				CLANG_WARN_INT_CONVERSION = YES;
				CLANG_WARN_OBJC_ROOT_CLASS = YES_ERROR;
				CLANG_WARN_UNREACHABLE_CODE = YES;
				CLANG_WARN__DUPLICATE_METHOD_MATCH = YES;
				"CODE_SIGN_IDENTITY[sdk=iphoneos*]" = "iPhone Developer";
				COPY_PHASE_STRIP = NO;
				DEBUG_INFORMATION_FORMAT = dwarf;
				ENABLE_STRICT_OBJC_MSGSEND = YES;
				ENABLE_TESTABILITY = YES;
				GCC_C_LANGUAGE_STANDARD = gnu99;
				GCC_DYNAMIC_NO_PIC = NO;
				GCC_NO_COMMON_BLOCKS = YES;
				GCC_OPTIMIZATION_LEVEL = 0;
				GCC_PREPROCESSOR_DEFINITIONS = (
					"DEBUG=1",
					"$(inherited)",
				);
				GCC_WARN_64_TO_32_BIT_CONVERSION = YES;
				GCC_WARN_ABOUT_RETURN_TYPE = YES_ERROR;
				GCC_WARN_UNDECLARED_SELECTOR = YES;
				GCC_WARN_UNINITIALIZED_AUTOS = YES_AGGRESSIVE;
				GCC_WARN_UNUSED_FUNCTION = YES;
				GCC_WARN_UNUSED_VARIABLE = YES;
				IPHONEOS_DEPLOYMENT_TARGET = 9.0;
				MTL_ENABLE_DEBUG_INFO = YES;
				ONLY_ACTIVE_ARCH = YES;
				SDKROOT = iphoneos;
				SWIFT_OPTIMIZATION_LEVEL = "-Onone";
			};
			name = Debug;
		};
		F20F82881BD552CC00AD91B7 /* Release */ = {
			isa = XCBuildConfiguration;
			buildSettings = {
				ALWAYS_SEARCH_USER_PATHS = NO;
				CLANG_CXX_LANGUAGE_STANDARD = "gnu++0x";
				CLANG_CXX_LIBRARY = "libc++";
				CLANG_ENABLE_MODULES = YES;
				CLANG_ENABLE_OBJC_ARC = YES;
				CLANG_WARN_BOOL_CONVERSION = YES;
				CLANG_WARN_CONSTANT_CONVERSION = YES;
				CLANG_WARN_DIRECT_OBJC_ISA_USAGE = YES_ERROR;
				CLANG_WARN_EMPTY_BODY = YES;
				CLANG_WARN_ENUM_CONVERSION = YES;
				CLANG_WARN_INT_CONVERSION = YES;
				CLANG_WARN_OBJC_ROOT_CLASS = YES_ERROR;
				CLANG_WARN_UNREACHABLE_CODE = YES;
				CLANG_WARN__DUPLICATE_METHOD_MATCH = YES;
				"CODE_SIGN_IDENTITY[sdk=iphoneos*]" = "iPhone Developer";
				COPY_PHASE_STRIP = NO;
				DEBUG_INFORMATION_FORMAT = "dwarf-with-dsym";
				ENABLE_NS_ASSERTIONS = NO;
				ENABLE_STRICT_OBJC_MSGSEND = YES;
				GCC_C_LANGUAGE_STANDARD = gnu99;
				GCC_NO_COMMON_BLOCKS = YES;
				GCC_WARN_64_TO_32_BIT_CONVERSION = YES;
				GCC_WARN_ABOUT_RETURN_TYPE = YES_ERROR;
				GCC_WARN_UNDECLARED_SELECTOR = YES;
				GCC_WARN_UNINITIALIZED_AUTOS = YES_AGGRESSIVE;
				GCC_WARN_UNUSED_FUNCTION = YES;
				GCC_WARN_UNUSED_VARIABLE = YES;
				IPHONEOS_DEPLOYMENT_TARGET = 9.0;
				MTL_ENABLE_DEBUG_INFO = NO;
				SDKROOT = iphoneos;
				VALIDATE_PRODUCT = YES;
			};
			name = Release;
		};
		F20F828A1BD552CC00AD91B7 /* Debug */ = {
			isa = XCBuildConfiguration;
			buildSettings = {
				ASSETCATALOG_COMPILER_APPICON_NAME = AppIcon;
				INFOPLIST_FILE = CalculatorUIStackView/Info.plist;
				LD_RUNPATH_SEARCH_PATHS = "$(inherited) @executable_path/Frameworks";
				PRODUCT_BUNDLE_IDENTIFIER = com.swiftandpainless.CalculatorUIStackView;
				PRODUCT_NAME = "$(TARGET_NAME)";
			};
			name = Debug;
		};
		F20F828B1BD552CC00AD91B7 /* Release */ = {
			isa = XCBuildConfiguration;
			buildSettings = {
				ASSETCATALOG_COMPILER_APPICON_NAME = AppIcon;
				INFOPLIST_FILE = CalculatorUIStackView/Info.plist;
				LD_RUNPATH_SEARCH_PATHS = "$(inherited) @executable_path/Frameworks";
				PRODUCT_BUNDLE_IDENTIFIER = com.swiftandpainless.CalculatorUIStackView;
				PRODUCT_NAME = "$(TARGET_NAME)";
			};
			name = Release;
		};
/* End XCBuildConfiguration section */

/* Begin XCConfigurationList section */
		F20F82721BD552CC00AD91B7 /* Build configuration list for PBXProject "CalculatorUIStackView" */ = {
			isa = XCConfigurationList;
			buildConfigurations = (
				F20F82871BD552CC00AD91B7 /* Debug */,
				F20F82881BD552CC00AD91B7 /* Release */,
			);
			defaultConfigurationIsVisible = 0;
			defaultConfigurationName = Release;
		};
		F20F82891BD552CC00AD91B7 /* Build configuration list for PBXNativeTarget "CalculatorUIStackView" */ = {
			isa = XCConfigurationList;
			buildConfigurations = (
				F20F828A1BD552CC00AD91B7 /* Debug */,
				F20F828B1BD552CC00AD91B7 /* Release */,
			);
			defaultConfigurationIsVisible = 0;
		};
/* End XCConfigurationList section */
	};
	rootObject = F20F826F1BD552CC00AD91B7 /* Project object */;
}
